
Microsoft Visual Studio Solution File, Format Version 12.00
# Visual Studio Version 16
VisualStudioVersion = 16.0.31424.327
MinimumVisualStudioVersion = 10.0.40219.1
Project("{FAE04EC0-301F-11D3-BF4B-00C04F79EFBC}") = "Codecademy C Sharp Exquisite Corpse", "Codecademy C Sharp Exquisite Corpse\Codecademy C Sharp Exquisite Corpse.csproj", "{6CE2B031-8723-4000-BBDD-3814DF4F6DA9}"
EndProject
Global
	GlobalSection(SolutionConfigurationPlatforms) = preSolution
		Debug|Any CPU = Debug|Any CPU
		Release|Any CPU = Release|Any CPU
	EndGlobalSection
	GlobalSection(ProjectConfigurationPlatforms) = postSolution
		{6CE2B031-8723-4000-BBDD-3814DF4F6DA9}.Debug|Any CPU.ActiveCfg = Debug|Any CPU
		{6CE2B031-8723-4000-BBDD-3814DF4F6DA9}.Debug|Any CPU.Build.0 = Debug|Any CPU
		{6CE2B031-8723-4000-BBDD-3814DF4F6DA9}.Release|Any CPU.ActiveCfg = Release|Any CPU
		{6CE2B031-8723-4000-BBDD-3814DF4F6DA9}.Release|Any CPU.Build.0 = Release|Any CPU
	EndGlobalSection
	GlobalSection(SolutionProperties) = preSolution
		HideSolutionNode = FALSE
	EndGlobalSection
	GlobalSection(ExtensibilityGlobals) = postSolution
		SolutionGuid = {DE1EF39E-CA59-4EAC-A8B6-4136B28F0335}
	EndGlobalSection
EndGlobal
